
Microsoft Visual Studio Solution File, Format Version 12.00
# Visual Studio Version 17
VisualStudioVersion = 17.0.31612.314
MinimumVisualStudioVersion = 10.0.40219.1
Project("{9A19103F-16F7-4668-BE54-9A1E7A4F7556}") = "ppedv.GMEStore.Model", "ppedv.GMEStore.Model\ppedv.GMEStore.Model.csproj", "{765CA461-3973-4E03-839A-8B717DB874B4}"
EndProject
Project("{9A19103F-16F7-4668-BE54-9A1E7A4F7556}") = "ppedv.GMEStore.Data.EFCore", "ppedv.GMEStore.Data.EFCore\ppedv.GMEStore.Data.EFCore.csproj", "{27CFD583-947D-421E-B697-FE2F1BA655BA}"
EndProject
Project("{9A19103F-16F7-4668-BE54-9A1E7A4F7556}") = "ppedv.GMEStore.Data.EFCore.Tests", "ppedv.GMEStore.Data.EFCore.Tests\ppedv.GMEStore.Data.EFCore.Tests.csproj", "{F9BDA8AC-C28D-4D0C-96F2-6A3A8B6584AA}"
EndProject
Project("{FAE04EC0-301F-11D3-BF4B-00C04F79EFBC}") = "ppedv.GMEStore.Logic", "ppedv.GMEStore.Logic\ppedv.GMEStore.Logic.csproj", "{2E236AD1-D24A-417A-A386-232E962B9893}"
EndProject
Project("{FAE04EC0-301F-11D3-BF4B-00C04F79EFBC}") = "ppedv.GMEStore.UI.DevConsole", "ppedv.GMEStore.UI.DevConsole\ppedv.GMEStore.UI.DevConsole.csproj", "{4733DBC9-F8A2-4D1A-B55B-1F191F62E0BA}"
EndProject
Project("{FAE04EC0-301F-11D3-BF4B-00C04F79EFBC}") = "ppedv.GMEStore.Logic.Tests", "ppedv.GMEStore.Logic.Tests\ppedv.GMEStore.Logic.Tests.csproj", "{65C0A6E3-39C8-451D-AE4F-439F047FEBA9}"
EndProject
Project("{FAE04EC0-301F-11D3-BF4B-00C04F79EFBC}") = "ppedv.GMEStore.UI.WebApi", "ppedv.GMEStore.UI.WebApi\ppedv.GMEStore.UI.WebApi.csproj", "{931077AC-E790-45CC-80E7-D4A7ED95CD2C}"
EndProject
Global
	GlobalSection(SolutionConfigurationPlatforms) = preSolution
		Debug|Any CPU = Debug|Any CPU
		Release|Any CPU = Release|Any CPU
	EndGlobalSection
	GlobalSection(ProjectConfigurationPlatforms) = postSolution
		{765CA461-3973-4E03-839A-8B717DB874B4}.Debug|Any CPU.ActiveCfg = Debug|Any CPU
		{765CA461-3973-4E03-839A-8B717DB874B4}.Debug|Any CPU.Build.0 = Debug|Any CPU
		{765CA461-3973-4E03-839A-8B717DB874B4}.Release|Any CPU.ActiveCfg = Release|Any CPU
		{765CA461-3973-4E03-839A-8B717DB874B4}.Release|Any CPU.Build.0 = Release|Any CPU
		{27CFD583-947D-421E-B697-FE2F1BA655BA}.Debug|Any CPU.ActiveCfg = Debug|Any CPU
		{27CFD583-947D-421E-B697-FE2F1BA655BA}.Debug|Any CPU.Build.0 = Debug|Any CPU
		{27CFD583-947D-421E-B697-FE2F1BA655BA}.Release|Any CPU.ActiveCfg = Release|Any CPU
		{27CFD583-947D-421E-B697-FE2F1BA655BA}.Release|Any CPU.Build.0 = Release|Any CPU
		{F9BDA8AC-C28D-4D0C-96F2-6A3A8B6584AA}.Debug|Any CPU.ActiveCfg = Debug|Any CPU
		{F9BDA8AC-C28D-4D0C-96F2-6A3A8B6584AA}.Debug|Any CPU.Build.0 = Debug|Any CPU
		{F9BDA8AC-C28D-4D0C-96F2-6A3A8B6584AA}.Release|Any CPU.ActiveCfg = Release|Any CPU
		{F9BDA8AC-C28D-4D0C-96F2-6A3A8B6584AA}.Release|Any CPU.Build.0 = Release|Any CPU
		{2E236AD1-D24A-417A-A386-232E962B9893}.Debug|Any CPU.ActiveCfg = Debug|Any CPU
		{2E236AD1-D24A-417A-A386-232E962B9893}.Debug|Any CPU.Build.0 = Debug|Any CPU
		{2E236AD1-D24A-417A-A386-232E962B9893}.Release|Any CPU.ActiveCfg = Release|Any CPU
		{2E236AD1-D24A-417A-A386-232E962B9893}.Release|Any CPU.Build.0 = Release|Any CPU
		{4733DBC9-F8A2-4D1A-B55B-1F191F62E0BA}.Debug|Any CPU.ActiveCfg = Debug|Any CPU
		{4733DBC9-F8A2-4D1A-B55B-1F191F62E0BA}.Debug|Any CPU.Build.0 = Debug|Any CPU
		{4733DBC9-F8A2-4D1A-B55B-1F191F62E0BA}.Release|Any CPU.ActiveCfg = Release|Any CPU
		{4733DBC9-F8A2-4D1A-B55B-1F191F62E0BA}.Release|Any CPU.Build.0 = Release|Any CPU
		{65C0A6E3-39C8-451D-AE4F-439F047FEBA9}.Debug|Any CPU.ActiveCfg = Debug|Any CPU
		{65C0A6E3-39C8-451D-AE4F-439F047FEBA9}.Debug|Any CPU.Build.0 = Debug|Any CPU
		{65C0A6E3-39C8-451D-AE4F-439F047FEBA9}.Release|Any CPU.ActiveCfg = Release|Any CPU
		{65C0A6E3-39C8-451D-AE4F-439F047FEBA9}.Release|Any CPU.Build.0 = Release|Any CPU
		{931077AC-E790-45CC-80E7-D4A7ED95CD2C}.Debug|Any CPU.ActiveCfg = Debug|Any CPU
		{931077AC-E790-45CC-80E7-D4A7ED95CD2C}.Debug|Any CPU.Build.0 = Debug|Any CPU
		{931077AC-E790-45CC-80E7-D4A7ED95CD2C}.Release|Any CPU.ActiveCfg = Release|Any CPU
		{931077AC-E790-45CC-80E7-D4A7ED95CD2C}.Release|Any CPU.Build.0 = Release|Any CPU
	EndGlobalSection
	GlobalSection(SolutionProperties) = preSolution
		HideSolutionNode = FALSE
	EndGlobalSection
	GlobalSection(ExtensibilityGlobals) = postSolution
		SolutionGuid = {455812BF-139C-42B5-AB1A-72A359D12454}
	EndGlobalSection
EndGlobal
